
Microsoft Visual Studio Solution File, Format Version 12.00
# Visual Studio Version 17
VisualStudioVersion = 17.1.32319.34
MinimumVisualStudioVersion = 10.0.40219.1
Project("{FAE04EC0-301F-11D3-BF4B-00C04F79EFBC}") = "ATM-Machine", "ATM-Machine\ATM-Machine.csproj", "{F6291CC4-DE3C-4F15-B4FE-4499A8F40255}"
EndProject
Project("{FAE04EC0-301F-11D3-BF4B-00C04F79EFBC}") = "ATM-Machine.tests", "ATM-Machine.tests\ATM-Machine.tests.csproj", "{A4395BC1-FE0D-4477-AE53-92BF6DC84895}"
EndProject
Global
	GlobalSection(SolutionConfigurationPlatforms) = preSolution
		Debug|Any CPU = Debug|Any CPU
		Release|Any CPU = Release|Any CPU
	EndGlobalSection
	GlobalSection(ProjectConfigurationPlatforms) = postSolution
		{F6291CC4-DE3C-4F15-B4FE-4499A8F40255}.Debug|Any CPU.ActiveCfg = Debug|Any CPU
		{F6291CC4-DE3C-4F15-B4FE-4499A8F40255}.Debug|Any CPU.Build.0 = Debug|Any CPU
		{F6291CC4-DE3C-4F15-B4FE-4499A8F40255}.Release|Any CPU.ActiveCfg = Release|Any CPU
		{F6291CC4-DE3C-4F15-B4FE-4499A8F40255}.Release|Any CPU.Build.0 = Release|Any CPU
		{A4395BC1-FE0D-4477-AE53-92BF6DC84895}.Debug|Any CPU.ActiveCfg = Debug|Any CPU
		{A4395BC1-FE0D-4477-AE53-92BF6DC84895}.Debug|Any CPU.Build.0 = Debug|Any CPU
		{A4395BC1-FE0D-4477-AE53-92BF6DC84895}.Release|Any CPU.ActiveCfg = Release|Any CPU
		{A4395BC1-FE0D-4477-AE53-92BF6DC84895}.Release|Any CPU.Build.0 = Release|Any CPU
	EndGlobalSection
	GlobalSection(SolutionProperties) = preSolution
		HideSolutionNode = FALSE
	EndGlobalSection
	GlobalSection(ExtensibilityGlobals) = postSolution
		SolutionGuid = {393782BB-45B8-44BF-B6DE-651547CB3D46}
	EndGlobalSection
EndGlobal
